
Microsoft Visual Studio Solution File, Format Version 12.00
# Visual Studio Version 17
VisualStudioVersion = 17.2.32526.322
MinimumVisualStudioVersion = 10.0.40219.1
Project("{2150E333-8FDC-42A3-9474-1A3956D46DE8}") = "Core", "Core", "{3592F48C-B067-4214-B6F1-B405ECCE814D}"
EndProject
Project("{9A19103F-16F7-4668-BE54-9A1E7A4F7556}") = "Azox.Core", "src\Azox.Core\Azox.Core.csproj", "{C784E09B-9281-4F62-A551-B8A0B72C8AB0}"
EndProject
Project("{2150E333-8FDC-42A3-9474-1A3956D46DE8}") = "XTradeBot", "XTradeBot", "{C6330140-EF2A-47C5-A76B-F9B79A9177F3}"
EndProject
Project("{9A19103F-16F7-4668-BE54-9A1E7A4F7556}") = "Azox.XTradeBot.DomainModel", "src\Azox.XTradeBot.DomainModel\Azox.XTradeBot.DomainModel.csproj", "{785817DA-4E34-4AE8-B9ED-A7810FFB4C21}"
EndProject
Project("{9A19103F-16F7-4668-BE54-9A1E7A4F7556}") = "Azox.XTradeBot.Data", "src\Azox.XTradeBot.Data\Azox.XTradeBot.Data.csproj", "{6784104E-FEE5-4261-9786-F6CF924358C5}"
EndProject
Project("{9A19103F-16F7-4668-BE54-9A1E7A4F7556}") = "Azox.XTradeBot.Services", "src\Azox.XTradeBot.Services\Azox.XTradeBot.Services.csproj", "{13760948-BC59-4D35-B76E-7D94C907CA68}"
EndProject
Project("{2150E333-8FDC-42A3-9474-1A3956D46DE8}") = "Common", "Common", "{5CAA4355-2E7A-4967-8829-A30C95C881AC}"
EndProject
Project("{9A19103F-16F7-4668-BE54-9A1E7A4F7556}") = "Azox.Data", "src\Azox.Data\Azox.Data.csproj", "{4616303F-2349-4C44-88C7-D0240DC7278D}"
EndProject
Project("{9A19103F-16F7-4668-BE54-9A1E7A4F7556}") = "Azox.DomainModel", "src\Azox.DomainModel\Azox.DomainModel.csproj", "{6FD4D868-C7E4-4938-B366-A6AA82A5D748}"
EndProject
Project("{9A19103F-16F7-4668-BE54-9A1E7A4F7556}") = "Azox.Services", "src\Azox.Services\Azox.Services.csproj", "{3E47C549-D933-41F9-8417-8D1A2BD4D734}"
EndProject
Project("{2150E333-8FDC-42A3-9474-1A3956D46DE8}") = "Solution Items", "Solution Items", "{A38DF376-6027-4FD1-B402-5058DD004521}"
	ProjectSection(SolutionItems) = preProject
		.editorconfig = .editorconfig
	EndProjectSection
EndProject
Project("{2150E333-8FDC-42A3-9474-1A3956D46DE8}") = "App", "App", "{10CEFE68-C943-4805-8D59-50E6B13CC65A}"
EndProject
Project("{9A19103F-16F7-4668-BE54-9A1E7A4F7556}") = "Azox.XTradeBot.App.Server", "src\App\Server\Azox.XTradeBot.App.Server.csproj", "{BD26DA9E-5989-4760-9C29-FD2AEAB686EE}"
EndProject
Project("{9A19103F-16F7-4668-BE54-9A1E7A4F7556}") = "Azox.XTradeBot.App.Shared", "src\App\Shared\Azox.XTradeBot.App.Shared.csproj", "{E6FB309D-0887-46EC-A8E3-2F274530ECBA}"
EndProject
Project("{9A19103F-16F7-4668-BE54-9A1E7A4F7556}") = "Azox.XTradeBot.App.Client", "src\App\Client\Azox.XTradeBot.App.Client.csproj", "{E0672AB7-4995-4A22-80C1-9B9420CA0ECB}"
EndProject
Project("{9A19103F-16F7-4668-BE54-9A1E7A4F7556}") = "Azox.XTradeBot.App.Binance", "src\Exchanges\Binance\Azox.XTradeBot.App.Binance.csproj", "{519DF657-C315-432B-875A-779A964D0F8D}"
EndProject
Project("{2150E333-8FDC-42A3-9474-1A3956D46DE8}") = "Exchanges", "Exchanges", "{45E5632C-C93A-483D-9C7E-A5FE59574326}"
EndProject
Project("{2150E333-8FDC-42A3-9474-1A3956D46DE8}") = "Binance", "Binance", "{C55286F0-25DE-4506-9B4D-DB98601C4153}"
EndProject
Project("{2150E333-8FDC-42A3-9474-1A3956D46DE8}") = "Core", "Core", "{935E57B2-C47A-461B-B039-14861B696625}"
EndProject
Project("{9A19103F-16F7-4668-BE54-9A1E7A4F7556}") = "Azox.XTradeBot.Exchange.Core", "src\Exchanges\Core\Azox.XTradeBot.Exchange.Core.csproj", "{67D9A415-C77B-4946-83EA-018450DBFB76}"
EndProject
Project("{9A19103F-16F7-4668-BE54-9A1E7A4F7556}") = "Azox.XTradeBot.Exchange.Shared", "src\Exchanges\Shared\Azox.XTradeBot.Exchange.Shared.csproj", "{DEF5F1F8-BB46-4855-8AEE-8FDCC4BB3277}"
EndProject
Project("{2150E333-8FDC-42A3-9474-1A3956D46DE8}") = "Shared", "Shared", "{D1C0F6E2-3427-46B6-8D83-E6D39D196973}"
EndProject
Global
	GlobalSection(SolutionConfigurationPlatforms) = preSolution
		Debug|Any CPU = Debug|Any CPU
		Release|Any CPU = Release|Any CPU
	EndGlobalSection
	GlobalSection(ProjectConfigurationPlatforms) = postSolution
		{C784E09B-9281-4F62-A551-B8A0B72C8AB0}.Debug|Any CPU.ActiveCfg = Debug|Any CPU
		{C784E09B-9281-4F62-A551-B8A0B72C8AB0}.Debug|Any CPU.Build.0 = Debug|Any CPU
		{C784E09B-9281-4F62-A551-B8A0B72C8AB0}.Release|Any CPU.ActiveCfg = Release|Any CPU
		{C784E09B-9281-4F62-A551-B8A0B72C8AB0}.Release|Any CPU.Build.0 = Release|Any CPU
		{785817DA-4E34-4AE8-B9ED-A7810FFB4C21}.Debug|Any CPU.ActiveCfg = Debug|Any CPU
		{785817DA-4E34-4AE8-B9ED-A7810FFB4C21}.Debug|Any CPU.Build.0 = Debug|Any CPU
		{785817DA-4E34-4AE8-B9ED-A7810FFB4C21}.Release|Any CPU.ActiveCfg = Release|Any CPU
		{785817DA-4E34-4AE8-B9ED-A7810FFB4C21}.Release|Any CPU.Build.0 = Release|Any CPU
		{6784104E-FEE5-4261-9786-F6CF924358C5}.Debug|Any CPU.ActiveCfg = Debug|Any CPU
		{6784104E-FEE5-4261-9786-F6CF924358C5}.Debug|Any CPU.Build.0 = Debug|Any CPU
		{6784104E-FEE5-4261-9786-F6CF924358C5}.Release|Any CPU.ActiveCfg = Release|Any CPU
		{6784104E-FEE5-4261-9786-F6CF924358C5}.Release|Any CPU.Build.0 = Release|Any CPU
		{13760948-BC59-4D35-B76E-7D94C907CA68}.Debug|Any CPU.ActiveCfg = Debug|Any CPU
		{13760948-BC59-4D35-B76E-7D94C907CA68}.Debug|Any CPU.Build.0 = Debug|Any CPU
		{13760948-BC59-4D35-B76E-7D94C907CA68}.Release|Any CPU.ActiveCfg = Release|Any CPU
		{13760948-BC59-4D35-B76E-7D94C907CA68}.Release|Any CPU.Build.0 = Release|Any CPU
		{4616303F-2349-4C44-88C7-D0240DC7278D}.Debug|Any CPU.ActiveCfg = Debug|Any CPU
		{4616303F-2349-4C44-88C7-D0240DC7278D}.Debug|Any CPU.Build.0 = Debug|Any CPU
		{4616303F-2349-4C44-88C7-D0240DC7278D}.Release|Any CPU.ActiveCfg = Release|Any CPU
		{4616303F-2349-4C44-88C7-D0240DC7278D}.Release|Any CPU.Build.0 = Release|Any CPU
		{6FD4D868-C7E4-4938-B366-A6AA82A5D748}.Debug|Any CPU.ActiveCfg = Debug|Any CPU
		{6FD4D868-C7E4-4938-B366-A6AA82A5D748}.Debug|Any CPU.Build.0 = Debug|Any CPU
		{6FD4D868-C7E4-4938-B366-A6AA82A5D748}.Release|Any CPU.ActiveCfg = Release|Any CPU
		{6FD4D868-C7E4-4938-B366-A6AA82A5D748}.Release|Any CPU.Build.0 = Release|Any CPU
		{3E47C549-D933-41F9-8417-8D1A2BD4D734}.Debug|Any CPU.ActiveCfg = Debug|Any CPU
		{3E47C549-D933-41F9-8417-8D1A2BD4D734}.Debug|Any CPU.Build.0 = Debug|Any CPU
		{3E47C549-D933-41F9-8417-8D1A2BD4D734}.Release|Any CPU.ActiveCfg = Release|Any CPU
		{3E47C549-D933-41F9-8417-8D1A2BD4D734}.Release|Any CPU.Build.0 = Release|Any CPU
		{BD26DA9E-5989-4760-9C29-FD2AEAB686EE}.Debug|Any CPU.ActiveCfg = Debug|Any CPU
		{BD26DA9E-5989-4760-9C29-FD2AEAB686EE}.Debug|Any CPU.Build.0 = Debug|Any CPU
		{BD26DA9E-5989-4760-9C29-FD2AEAB686EE}.Release|Any CPU.ActiveCfg = Release|Any CPU
		{BD26DA9E-5989-4760-9C29-FD2AEAB686EE}.Release|Any CPU.Build.0 = Release|Any CPU
		{E6FB309D-0887-46EC-A8E3-2F274530ECBA}.Debug|Any CPU.ActiveCfg = Debug|Any CPU
		{E6FB309D-0887-46EC-A8E3-2F274530ECBA}.Debug|Any CPU.Build.0 = Debug|Any CPU
		{E6FB309D-0887-46EC-A8E3-2F274530ECBA}.Release|Any CPU.ActiveCfg = Release|Any CPU
		{E6FB309D-0887-46EC-A8E3-2F274530ECBA}.Release|Any CPU.Build.0 = Release|Any CPU
		{E0672AB7-4995-4A22-80C1-9B9420CA0ECB}.Debug|Any CPU.ActiveCfg = Debug|Any CPU
		{E0672AB7-4995-4A22-80C1-9B9420CA0ECB}.Debug|Any CPU.Build.0 = Debug|Any CPU
		{E0672AB7-4995-4A22-80C1-9B9420CA0ECB}.Release|Any CPU.ActiveCfg = Release|Any CPU
		{E0672AB7-4995-4A22-80C1-9B9420CA0ECB}.Release|Any CPU.Build.0 = Release|Any CPU
		{519DF657-C315-432B-875A-779A964D0F8D}.Debug|Any CPU.ActiveCfg = Debug|Any CPU
		{519DF657-C315-432B-875A-779A964D0F8D}.Debug|Any CPU.Build.0 = Debug|Any CPU
		{519DF657-C315-432B-875A-779A964D0F8D}.Release|Any CPU.ActiveCfg = Release|Any CPU
		{519DF657-C315-432B-875A-779A964D0F8D}.Release|Any CPU.Build.0 = Release|Any CPU
		{67D9A415-C77B-4946-83EA-018450DBFB76}.Debug|Any CPU.ActiveCfg = Debug|Any CPU
		{67D9A415-C77B-4946-83EA-018450DBFB76}.Debug|Any CPU.Build.0 = Debug|Any CPU
		{67D9A415-C77B-4946-83EA-018450DBFB76}.Release|Any CPU.ActiveCfg = Release|Any CPU
		{67D9A415-C77B-4946-83EA-018450DBFB76}.Release|Any CPU.Build.0 = Release|Any CPU
		{DEF5F1F8-BB46-4855-8AEE-8FDCC4BB3277}.Debug|Any CPU.ActiveCfg = Debug|Any CPU
		{DEF5F1F8-BB46-4855-8AEE-8FDCC4BB3277}.Debug|Any CPU.Build.0 = Debug|Any CPU
		{DEF5F1F8-BB46-4855-8AEE-8FDCC4BB3277}.Release|Any CPU.ActiveCfg = Release|Any CPU
		{DEF5F1F8-BB46-4855-8AEE-8FDCC4BB3277}.Release|Any CPU.Build.0 = Release|Any CPU
	EndGlobalSection
	GlobalSection(SolutionProperties) = preSolution
		HideSolutionNode = FALSE
	EndGlobalSection
	GlobalSection(NestedProjects) = preSolution
		{C784E09B-9281-4F62-A551-B8A0B72C8AB0} = {3592F48C-B067-4214-B6F1-B405ECCE814D}
		{785817DA-4E34-4AE8-B9ED-A7810FFB4C21} = {C6330140-EF2A-47C5-A76B-F9B79A9177F3}
		{6784104E-FEE5-4261-9786-F6CF924358C5} = {C6330140-EF2A-47C5-A76B-F9B79A9177F3}
		{13760948-BC59-4D35-B76E-7D94C907CA68} = {C6330140-EF2A-47C5-A76B-F9B79A9177F3}
		{4616303F-2349-4C44-88C7-D0240DC7278D} = {5CAA4355-2E7A-4967-8829-A30C95C881AC}
		{6FD4D868-C7E4-4938-B366-A6AA82A5D748} = {5CAA4355-2E7A-4967-8829-A30C95C881AC}
		{3E47C549-D933-41F9-8417-8D1A2BD4D734} = {5CAA4355-2E7A-4967-8829-A30C95C881AC}
		{BD26DA9E-5989-4760-9C29-FD2AEAB686EE} = {10CEFE68-C943-4805-8D59-50E6B13CC65A}
		{E6FB309D-0887-46EC-A8E3-2F274530ECBA} = {10CEFE68-C943-4805-8D59-50E6B13CC65A}
		{E0672AB7-4995-4A22-80C1-9B9420CA0ECB} = {10CEFE68-C943-4805-8D59-50E6B13CC65A}
		{519DF657-C315-432B-875A-779A964D0F8D} = {C55286F0-25DE-4506-9B4D-DB98601C4153}
		{C55286F0-25DE-4506-9B4D-DB98601C4153} = {45E5632C-C93A-483D-9C7E-A5FE59574326}
		{935E57B2-C47A-461B-B039-14861B696625} = {45E5632C-C93A-483D-9C7E-A5FE59574326}
		{67D9A415-C77B-4946-83EA-018450DBFB76} = {935E57B2-C47A-461B-B039-14861B696625}
		{DEF5F1F8-BB46-4855-8AEE-8FDCC4BB3277} = {D1C0F6E2-3427-46B6-8D83-E6D39D196973}
		{D1C0F6E2-3427-46B6-8D83-E6D39D196973} = {45E5632C-C93A-483D-9C7E-A5FE59574326}
	EndGlobalSection
	GlobalSection(ExtensibilityGlobals) = postSolution
		SolutionGuid = {7801DBE8-E95E-45E1-B871-18EE5727D871}
	EndGlobalSection
EndGlobal
